// !$*UTF8*$!
{
	archiveVersion = 1;
	classes = {
	};
	objectVersion = 46;
	objects = {

/* Begin PBXBuildFile section */
		CE02AA811F92E36D00F23F39 /* AppDelegate.swift in Sources */ = {isa = PBXBuildFile; fileRef = CE02AA801F92E36D00F23F39 /* AppDelegate.swift */; };
		CE02AA831F92E36D00F23F39 /* ViewController.swift in Sources */ = {isa = PBXBuildFile; fileRef = CE02AA821F92E36D00F23F39 /* ViewController.swift */; };
		CE02AA861F92E36D00F23F39 /* Main.storyboard in Resources */ = {isa = PBXBuildFile; fileRef = CE02AA841F92E36D00F23F39 /* Main.storyboard */; };
		CE02AA881F92E36D00F23F39 /* Assets.xcassets in Resources */ = {isa = PBXBuildFile; fileRef = CE02AA871F92E36D00F23F39 /* Assets.xcassets */; };
		CE02AA8B1F92E36D00F23F39 /* LaunchScreen.storyboard in Resources */ = {isa = PBXBuildFile; fileRef = CE02AA891F92E36D00F23F39 /* LaunchScreen.storyboard */; };
		CE02AA931F92E48A00F23F39 /* if_bulldog_45354.png in Resources */ = {isa = PBXBuildFile; fileRef = CE02AA921F92E48A00F23F39 /* if_bulldog_45354.png */; };
/* End PBXBuildFile section */

/* Begin PBXFileReference section */
		CE02AA7D1F92E36D00F23F39 /* homework.app */ = {isa = PBXFileReference; explicitFileType = wrapper.application; includeInIndex = 0; path = homework.app; sourceTree = BUILT_PRODUCTS_DIR; };
		CE02AA801F92E36D00F23F39 /* AppDelegate.swift */ = {isa = PBXFileReference; lastKnownFileType = sourcecode.swift; path = AppDelegate.swift; sourceTree = "<group>"; };
		CE02AA821F92E36D00F23F39 /* ViewController.swift */ = {isa = PBXFileReference; lastKnownFileType = sourcecode.swift; path = ViewController.swift; sourceTree = "<group>"; };
		CE02AA851F92E36D00F23F39 /* Base */ = {isa = PBXFileReference; lastKnownFileType = file.storyboard; name = Base; path = Base.lproj/Main.storyboard; sourceTree = "<group>"; };
		CE02AA871F92E36D00F23F39 /* Assets.xcassets */ = {isa = PBXFileReference; lastKnownFileType = folder.assetcatalog; path = Assets.xcassets; sourceTree = "<group>"; };
		CE02AA8A1F92E36D00F23F39 /* Base */ = {isa = PBXFileReference; lastKnownFileType = file.storyboard; name = Base; path = Base.lproj/LaunchScreen.storyboard; sourceTree = "<group>"; };
		CE02AA8C1F92E36D00F23F39 /* Info.plist */ = {isa = PBXFileReference; lastKnownFileType = text.plist.xml; path = Info.plist; sourceTree = "<group>"; };
		CE02AA921F92E48A00F23F39 /* if_bulldog_45354.png */ = {isa = PBXFileReference; lastKnownFileType = image.png; path = if_bulldog_45354.png; sourceTree = "<group>"; };
/* End PBXFileReference section */

/* Begin PBXFrameworksBuildPhase section */
		CE02AA7A1F92E36D00F23F39 /* Frameworks */ = {
			isa = PBXFrameworksBuildPhase;
			buildActionMask = 2147483647;
			files = (
			);
			runOnlyForDeploymentPostprocessing = 0;
		};
/* End PBXFrameworksBuildPhase section */

/* Begin PBXGroup section */
		CE02AA741F92E36D00F23F39 = {
			isa = PBXGroup;
			children = (
				CE02AA7F1F92E36D00F23F39 /* homework */,
				CE02AA7E1F92E36D00F23F39 /* Products */,
			);
			sourceTree = "<group>";
		};
		CE02AA7E1F92E36D00F23F39 /* Products */ = {
			isa = PBXGroup;
			children = (
				CE02AA7D1F92E36D00F23F39 /* homework.app */,
			);
			name = Products;
			sourceTree = "<group>";
		};
		CE02AA7F1F92E36D00F23F39 /* homework */ = {
			isa = PBXGroup;
			children = (
				CE02AA801F92E36D00F23F39 /* AppDelegate.swift */,
				CE02AA821F92E36D00F23F39 /* ViewController.swift */,
				CE02AA841F92E36D00F23F39 /* Main.storyboard */,
				CE02AA921F92E48A00F23F39 /* if_bulldog_45354.png */,
				CE02AA871F92E36D00F23F39 /* Assets.xcassets */,
				CE02AA891F92E36D00F23F39 /* LaunchScreen.storyboard */,
				CE02AA8C1F92E36D00F23F39 /* Info.plist */,
			);
			path = homework;
			sourceTree = "<group>";
		};
/* End PBXGroup section */

/* Begin PBXNativeTarget section */
		CE02AA7C1F92E36D00F23F39 /* homework */ = {
			isa = PBXNativeTarget;
			buildConfigurationList = CE02AA8F1F92E36D00F23F39 /* Build configuration list for PBXNativeTarget "homework" */;
			buildPhases = (
				CE02AA791F92E36D00F23F39 /* Sources */,
				CE02AA7A1F92E36D00F23F39 /* Frameworks */,
				CE02AA7B1F92E36D00F23F39 /* Resources */,
			);
			buildRules = (
			);
			dependencies = (
			);
			name = homework;
			productName = homework;
			productReference = CE02AA7D1F92E36D00F23F39 /* homework.app */;
			productType = "com.apple.product-type.application";
		};
/* End PBXNativeTarget section */

/* Begin PBXProject section */
		CE02AA751F92E36D00F23F39 /* Project object */ = {
			isa = PBXProject;
			attributes = {
				LastSwiftUpdateCheck = 0830;
				LastUpgradeCheck = 0830;
				ORGANIZATIONNAME = Polly;
				TargetAttributes = {
					CE02AA7C1F92E36D00F23F39 = {
						CreatedOnToolsVersion = 8.3.3;
						DevelopmentTeam = 8653TZM57A;
						ProvisioningStyle = Automatic;
					};
				};
			};
			buildConfigurationList = CE02AA781F92E36D00F23F39 /* Build configuration list for PBXProject "homework" */;
			compatibilityVersion = "Xcode 3.2";
			developmentRegion = English;
			hasScannedForEncodings = 0;
			knownRegions = (
				en,
				Base,
			);
			mainGroup = CE02AA741F92E36D00F23F39;
			productRefGroup = CE02AA7E1F92E36D00F23F39 /* Products */;
			projectDirPath = "";
			projectRoot = "";
			targets = (
				CE02AA7C1F92E36D00F23F39 /* homework */,
			);
		};
/* End PBXProject section */

/* Begin PBXResourcesBuildPhase section */
		CE02AA7B1F92E36D00F23F39 /* Resources */ = {
			isa = PBXResourcesBuildPhase;
			buildActionMask = 2147483647;
			files = (
				CE02AA8B1F92E36D00F23F39 /* LaunchScreen.storyboard in Resources */,
				CE02AA881F92E36D00F23F39 /* Assets.xcassets in Resources */,
				CE02AA931F92E48A00F23F39 /* if_bulldog_45354.png in Resources */,
				CE02AA861F92E36D00F23F39 /* Main.storyboard in Resources */,
			);
			runOnlyForDeploymentPostprocessing = 0;
		};
/* End PBXResourcesBuildPhase section */

/* Begin PBXSourcesBuildPhase section */
		CE02AA791F92E36D00F23F39 /* Sources */ = {
			isa = PBXSourcesBuildPhase;
			buildActionMask = 2147483647;
			files = (
				CE02AA831F92E36D00F23F39 /* ViewController.swift in Sources */,
				CE02AA811F92E36D00F23F39 /* AppDelegate.swift in Sources */,
			);
			runOnlyForDeploymentPostprocessing = 0;
		};
/* End PBXSourcesBuildPhase section */

/* Begin PBXVariantGroup section */
		CE02AA841F92E36D00F23F39 /* Main.storyboard */ = {
			isa = PBXVariantGroup;
			children = (
				CE02AA851F92E36D00F23F39 /* Base */,
			);
			name = Main.storyboard;
			sourceTree = "<group>";
		};
		CE02AA891F92E36D00F23F39 /* LaunchScreen.storyboard */ = {
			isa = PBXVariantGroup;
			children = (
				CE02AA8A1F92E36D00F23F39 /* Base */,
			);
			name = LaunchScreen.storyboard;
			sourceTree = "<group>";
		};
/* End PBXVariantGroup section */

/* Begin XCBuildConfiguration section */
		CE02AA8D1F92E36D00F23F39 /* Debug */ = {
			isa = XCBuildConfiguration;
			buildSettings = {
				ALWAYS_SEARCH_USER_PATHS = NO;
				CLANG_ANALYZER_NONNULL = YES;
				CLANG_ANALYZER_NUMBER_OBJECT_CONVERSION = YES_AGGRESSIVE;
				CLANG_CXX_LANGUAGE_STANDARD = "gnu++0x";
				CLANG_CXX_LIBRARY = "libc++";
				CLANG_ENABLE_MODULES = YES;
				CLANG_ENABLE_OBJC_ARC = YES;
				CLANG_WARN_BOOL_CONVERSION = YES;
				CLANG_WARN_CONSTANT_CONVERSION = YES;
				CLANG_WARN_DIRECT_OBJC_ISA_USAGE = YES_ERROR;
				CLANG_WARN_DOCUMENTATION_COMMENTS = YES;
				CLANG_WARN_EMPTY_BODY = YES;
				CLANG_WARN_ENUM_CONVERSION = YES;
				CLANG_WARN_INFINITE_RECURSION = YES;
				CLANG_WARN_INT_CONVERSION = YES;
				CLANG_WARN_OBJC_ROOT_CLASS = YES_ERROR;
				CLANG_WARN_SUSPICIOUS_MOVE = YES;
				CLANG_WARN_UNREACHABLE_CODE = YES;
				CLANG_WARN__DUPLICATE_METHOD_MATCH = YES;
				"CODE_SIGN_IDENTITY[sdk=iphoneos*]" = "iPhone Developer";
				COPY_PHASE_STRIP = NO;
				DEBUG_INFORMATION_FORMAT = dwarf;
				ENABLE_STRICT_OBJC_MSGSEND = YES;
				ENABLE_TESTABILITY = YES;
				GCC_C_LANGUAGE_STANDARD = gnu99;
				GCC_DYNAMIC_NO_PIC = NO;
				GCC_NO_COMMON_BLOCKS = YES;
				GCC_OPTIMIZATION_LEVEL = 0;
				GCC_PREPROCESSOR_DEFINITIONS = (
					"DEBUG=1",
					"$(inherited)",
				);
				GCC_WARN_64_TO_32_BIT_CONVERSION = YES;
				GCC_WARN_ABOUT_RETURN_TYPE = YES_ERROR;
				GCC_WARN_UNDECLARED_SELECTOR = YES;
				GCC_WARN_UNINITIALIZED_AUTOS = YES_AGGRESSIVE;
				GCC_WARN_UNUSED_FUNCTION = YES;
				GCC_WARN_UNUSED_VARIABLE = YES;
				IPHONEOS_DEPLOYMENT_TARGET = 10.3;
				MTL_ENABLE_DEBUG_INFO = YES;
				ONLY_ACTIVE_ARCH = YES;
				SDKROOT = iphoneos;
				SWIFT_ACTIVE_COMPILATION_CONDITIONS = DEBUG;
				SWIFT_OPTIMIZATION_LEVEL = "-Onone";
				TARGETED_DEVICE_FAMILY = "1,2";
			};
			name = Debug;
		};
		CE02AA8E1F92E36D00F23F39 /* Release */ = {
			isa = XCBuildConfiguration;
			buildSettings = {
				ALWAYS_SEARCH_USER_PATHS = NO;
				CLANG_ANALYZER_NONNULL = YES;
				CLANG_ANALYZER_NUMBER_OBJECT_CONVERSION = YES_AGGRESSIVE;
				CLANG_CXX_LANGUAGE_STANDARD = "gnu++0x";
				CLANG_CXX_LIBRARY = "libc++";
				CLANG_ENABLE_MODULES = YES;
				CLANG_ENABLE_OBJC_ARC = YES;
				CLANG_WARN_BOOL_CONVERSION = YES;
				CLANG_WARN_CONSTANT_CONVERSION = YES;
				CLANG_WARN_DIRECT_OBJC_ISA_USAGE = YES_ERROR;
				CLANG_WARN_DOCUMENTATION_COMMENTS = YES;
				CLANG_WARN_EMPTY_BODY = YES;
				CLANG_WARN_ENUM_CONVERSION = YES;
				CLANG_WARN_INFINITE_RECURSION = YES;
				CLANG_WARN_INT_CONVERSION = YES;
				CLANG_WARN_OBJC_ROOT_CLASS = YES_ERROR;
				CLANG_WARN_SUSPICIOUS_MOVE = YES;
				CLANG_WARN_UNREACHABLE_CODE = YES;
				CLANG_WARN__DUPLICATE_METHOD_MATCH = YES;
				"CODE_SIGN_IDENTITY[sdk=iphoneos*]" = "iPhone Developer";
				COPY_PHASE_STRIP = NO;
				DEBUG_INFORMATION_FORMAT = "dwarf-with-dsym";
				ENABLE_NS_ASSERTIONS = NO;
				ENABLE_STRICT_OBJC_MSGSEND = YES;
				GCC_C_LANGUAGE_STANDARD = gnu99;
				GCC_NO_COMMON_BLOCKS = YES;
				GCC_WARN_64_TO_32_BIT_CONVERSION = YES;
				GCC_WARN_ABOUT_RETURN_TYPE = YES_ERROR;
				GCC_WARN_UNDECLARED_SELECTOR = YES;
				GCC_WARN_UNINITIALIZED_AUTOS = YES_AGGRESSIVE;
				GCC_WARN_UNUSED_FUNCTION = YES;
				GCC_WARN_UNUSED_VARIABLE = YES;
				IPHONEOS_DEPLOYMENT_TARGET = 10.3;
				MTL_ENABLE_DEBUG_INFO = NO;
				SDKROOT = iphoneos;
				SWIFT_OPTIMIZATION_LEVEL = "-Owholemodule";
				TARGETED_DEVICE_FAMILY = "1,2";
				VALIDATE_PRODUCT = YES;
			};
			name = Release;
		};
		CE02AA901F92E36D00F23F39 /* Debug */ = {
			isa = XCBuildConfiguration;
			buildSettings = {
				ASSETCATALOG_COMPILER_APPICON_NAME = AppIcon;
				DEVELOPMENT_TEAM = 8653TZM57A;
				INFOPLIST_FILE = homework/Info.plist;
				LD_RUNPATH_SEARCH_PATHS = "$(inherited) @executable_path/Frameworks";
				PRODUCT_BUNDLE_IDENTIFIER = "app-Polly.homework";
				PRODUCT_NAME = "$(TARGET_NAME)";
				SWIFT_VERSION = 3.0;
			};
			name = Debug;
		};
		CE02AA911F92E36D00F23F39 /* Release */ = {
			isa = XCBuildConfiguration;
			buildSettings = {
				ASSETCATALOG_COMPILER_APPICON_NAME = AppIcon;
				DEVELOPMENT_TEAM = 8653TZM57A;
				INFOPLIST_FILE = homework/Info.plist;
				LD_RUNPATH_SEARCH_PATHS = "$(inherited) @executable_path/Frameworks";
				PRODUCT_BUNDLE_IDENTIFIER = "app-Polly.homework";
				PRODUCT_NAME = "$(TARGET_NAME)";
				SWIFT_VERSION = 3.0;
			};
			name = Release;
		};
/* End XCBuildConfiguration section */

/* Begin XCConfigurationList section */
		CE02AA781F92E36D00F23F39 /* Build configuration list for PBXProject "homework" */ = {
			isa = XCConfigurationList;
			buildConfigurations = (
				CE02AA8D1F92E36D00F23F39 /* Debug */,
				CE02AA8E1F92E36D00F23F39 /* Release */,
			);
			defaultConfigurationIsVisible = 0;
			defaultConfigurationName = Release;
		};
		CE02AA8F1F92E36D00F23F39 /* Build configuration list for PBXNativeTarget "homework" */ = {
			isa = XCConfigurationList;
			buildConfigurations = (
				CE02AA901F92E36D00F23F39 /* Debug */,
				CE02AA911F92E36D00F23F39 /* Release */,
			);
			defaultConfigurationIsVisible = 0;
		};
/* End XCConfigurationList section */
	};
	rootObject = CE02AA751F92E36D00F23F39 /* Project object */;
}
